
Microsoft Visual Studio Solution File, Format Version 12.00
# Visual Studio Version 17
VisualStudioVersion = 17.0.31903.59
MinimumVisualStudioVersion = 10.0.40219.1
Project("{FAE04EC0-301F-11D3-BF4B-00C04F79EFBC}") = "HospitalAppointmentSystem", "HospitalAppointmentSystem.csproj", "{42503099-554C-471F-98C5-B7F1DB55C6A3}"
EndProject

Project("{FAE04EC0-301F-11D3-BF4B-00C04F79EFBC}") = "HospitalAppointmentSystem.Tests", "..\HospitalAppointmentSystem.Tests\HospitalAppointmentSystem.Tests.csproj", "{C972FF6F-965A-44BF-88E1-DA4E32E9A63D}"
EndProject
Global
	GlobalSection(SolutionConfigurationPlatforms) = preSolution
		Debug|Any CPU = Debug|Any CPU
		Release|Any CPU = Release|Any CPU
	EndGlobalSection
	GlobalSection(SolutionProperties) = preSolution
		HideSolutionNode = FALSE
	EndGlobalSection
	GlobalSection(ProjectConfigurationPlatforms) = postSolution
		{42503099-554C-471F-98C5-B7F1DB55C6A3}.Debug|Any CPU.ActiveCfg = Debug|Any CPU
		{42503099-554C-471F-98C5-B7F1DB55C6A3}.Debug|Any CPU.Build.0 = Debug|Any CPU
		{42503099-554C-471F-98C5-B7F1DB55C6A3}.Release|Any CPU.ActiveCfg = Release|Any CPU
		{42503099-554C-471F-98C5-B7F1DB55C6A3}.Release|Any CPU.Build.0 = Release|Any CPU

		{C972FF6F-965A-44BF-88E1-DA4E32E9A63D}.Debug|Any CPU.ActiveCfg = Debug|Any CPU
		{C972FF6F-965A-44BF-88E1-DA4E32E9A63D}.Debug|Any CPU.Build.0 = Debug|Any CPU
		{C972FF6F-965A-44BF-88E1-DA4E32E9A63D}.Release|Any CPU.ActiveCfg = Release|Any CPU
		{C972FF6F-965A-44BF-88E1-DA4E32E9A63D}.Release|Any CPU.Build.0 = Release|Any CPU
	EndGlobalSection
EndGlobal
